
Microsoft Visual Studio Solution File, Format Version 12.00
# Visual Studio Version 17
VisualStudioVersion = 17.2.32602.215
MinimumVisualStudioVersion = 10.0.40219.1
Project("{FAE04EC0-301F-11D3-BF4B-00C04F79EFBC}") = "WebApplication1", "WebApplication1\WebApplication1.csproj", "{BF07BC4B-8BA6-449C-970F-FD7077AE0C3D}"
EndProject
Global
	GlobalSection(SolutionConfigurationPlatforms) = preSolution
		Debug|Any CPU = Debug|Any CPU
		Release|Any CPU = Release|Any CPU
	EndGlobalSection
	GlobalSection(ProjectConfigurationPlatforms) = postSolution
		{BF07BC4B-8BA6-449C-970F-FD7077AE0C3D}.Debug|Any CPU.ActiveCfg = Debug|Any CPU
		{BF07BC4B-8BA6-449C-970F-FD7077AE0C3D}.Debug|Any CPU.Build.0 = Debug|Any CPU
		{BF07BC4B-8BA6-449C-970F-FD7077AE0C3D}.Release|Any CPU.ActiveCfg = Release|Any CPU
		{BF07BC4B-8BA6-449C-970F-FD7077AE0C3D}.Release|Any CPU.Build.0 = Release|Any CPU
	EndGlobalSection
	GlobalSection(SolutionProperties) = preSolution
		HideSolutionNode = FALSE
	EndGlobalSection
	GlobalSection(ExtensibilityGlobals) = postSolution
		SolutionGuid = {B4B19833-697E-41DA-9E1C-C72C47B57E2D}
	EndGlobalSection
EndGlobal
